
Microsoft Visual Studio Solution File, Format Version 12.00
# Visual Studio Version 17
VisualStudioVersion = 17.4.33122.133
MinimumVisualStudioVersion = 10.0.40219.1
Project("{FAE04EC0-301F-11D3-BF4B-00C04F79EFBC}") = "TaskProjectAsp", "TaskProjectAsp\TaskProjectAsp.csproj", "{E7F4D34A-0D08-4846-BCF9-2161AB5FA949}"
EndProject
Global
	GlobalSection(SolutionConfigurationPlatforms) = preSolution
		Debug|Any CPU = Debug|Any CPU
		Release|Any CPU = Release|Any CPU
	EndGlobalSection
	GlobalSection(ProjectConfigurationPlatforms) = postSolution
		{E7F4D34A-0D08-4846-BCF9-2161AB5FA949}.Debug|Any CPU.ActiveCfg = Debug|Any CPU
		{E7F4D34A-0D08-4846-BCF9-2161AB5FA949}.Debug|Any CPU.Build.0 = Debug|Any CPU
		{E7F4D34A-0D08-4846-BCF9-2161AB5FA949}.Release|Any CPU.ActiveCfg = Release|Any CPU
		{E7F4D34A-0D08-4846-BCF9-2161AB5FA949}.Release|Any CPU.Build.0 = Release|Any CPU
	EndGlobalSection
	GlobalSection(SolutionProperties) = preSolution
		HideSolutionNode = FALSE
	EndGlobalSection
	GlobalSection(ExtensibilityGlobals) = postSolution
		SolutionGuid = {88277D1B-F06A-44CE-A2A8-5ECA610CD2F8}
	EndGlobalSection
EndGlobal
